
Microsoft Visual Studio Solution File, Format Version 12.00
# Visual Studio 2017
Project("{FAE04EC0-301F-11D3-BF4B-00C04F79EFBC}") = "Where am I.Plugins", "Where am I.Plugins.csproj", "{5D8479FB-D7A1-007E-AAA0-DAB814C52A9D}"
EndProject
Project("{FAE04EC0-301F-11D3-BF4B-00C04F79EFBC}") = "Where am I", "Where am I.csproj", "{22CBBC08-077A-2696-904D-59ECA6AE81F9}"
EndProject
Project("{FAE04EC0-301F-11D3-BF4B-00C04F79EFBC}") = "Where am I.Editor.Plugins", "Where am I.Editor.Plugins.csproj", "{232F44BB-A8AB-51DE-CB17-0FA6477FD775}"
EndProject
Project("{FAE04EC0-301F-11D3-BF4B-00C04F79EFBC}") = "Where am I.Editor", "Where am I.Editor.csproj", "{A56B691A-D1EA-671D-891C-BAA81BCDD845}"
EndProject
Global
	GlobalSection(SolutionConfigurationPlatforms) = preSolution
		Debug|Any CPU = Debug|Any CPU
		Release|Any CPU = Release|Any CPU
	EndGlobalSection
	GlobalSection(ProjectConfigurationPlatforms) = postSolution
		{5D8479FB-D7A1-007E-AAA0-DAB814C52A9D}.Debug|Any CPU.ActiveCfg = Debug|Any CPU
		{5D8479FB-D7A1-007E-AAA0-DAB814C52A9D}.Debug|Any CPU.Build.0 = Debug|Any CPU
		{5D8479FB-D7A1-007E-AAA0-DAB814C52A9D}.Release|Any CPU.ActiveCfg = Release|Any CPU
		{5D8479FB-D7A1-007E-AAA0-DAB814C52A9D}.Release|Any CPU.Build.0 = Release|Any CPU
		{22CBBC08-077A-2696-904D-59ECA6AE81F9}.Debug|Any CPU.ActiveCfg = Debug|Any CPU
		{22CBBC08-077A-2696-904D-59ECA6AE81F9}.Debug|Any CPU.Build.0 = Debug|Any CPU
		{22CBBC08-077A-2696-904D-59ECA6AE81F9}.Release|Any CPU.ActiveCfg = Release|Any CPU
		{22CBBC08-077A-2696-904D-59ECA6AE81F9}.Release|Any CPU.Build.0 = Release|Any CPU
		{232F44BB-A8AB-51DE-CB17-0FA6477FD775}.Debug|Any CPU.ActiveCfg = Debug|Any CPU
		{232F44BB-A8AB-51DE-CB17-0FA6477FD775}.Debug|Any CPU.Build.0 = Debug|Any CPU
		{232F44BB-A8AB-51DE-CB17-0FA6477FD775}.Release|Any CPU.ActiveCfg = Release|Any CPU
		{232F44BB-A8AB-51DE-CB17-0FA6477FD775}.Release|Any CPU.Build.0 = Release|Any CPU
		{A56B691A-D1EA-671D-891C-BAA81BCDD845}.Debug|Any CPU.ActiveCfg = Debug|Any CPU
		{A56B691A-D1EA-671D-891C-BAA81BCDD845}.Debug|Any CPU.Build.0 = Debug|Any CPU
		{A56B691A-D1EA-671D-891C-BAA81BCDD845}.Release|Any CPU.ActiveCfg = Release|Any CPU
		{A56B691A-D1EA-671D-891C-BAA81BCDD845}.Release|Any CPU.Build.0 = Release|Any CPU
	EndGlobalSection
	GlobalSection(SolutionProperties) = preSolution
		HideSolutionNode = FALSE
	EndGlobalSection
EndGlobal
