Microsoft Visual Studio Solution File, Format Version 11.00
# Visual Studio 2008

Project("{E28DB67B-F0B9-EA8E-55BF-24313552AD17}") = "Captstone Milestone 3 Rock Level", "Assembly-CSharp-firstpass.csproj", "{226E55C2-8D28-98CF-7E2B-81CB331EF242}"
EndProject
Project("{E28DB67B-F0B9-EA8E-55BF-24313552AD17}") = "Captstone Milestone 3 Rock Level", "Assembly-CSharp.csproj", "{1EDFC469-1C5A-69A6-46C4-AACED646531C}"
EndProject
Project("{E28DB67B-F0B9-EA8E-55BF-24313552AD17}") = "Captstone Milestone 3 Rock Level", "Assembly-CSharp-Editor-firstpass.csproj", "{19FF7217-8EFA-638B-DE2D-17F56B16BE58}"
EndProject
Project("{E28DB67B-F0B9-EA8E-55BF-24313552AD17}") = "Captstone Milestone 3 Rock Level", "Assembly-CSharp-Editor.csproj", "{3E21BE57-6C1A-8B6F-22E1-6CB4202990C2}"
EndProject
Global
	GlobalSection(SolutionConfigurationPlatforms) = preSolution
		Debug|Any CPU = Debug|Any CPU
		Release|Any CPU = Release|Any CPU
	EndGlobalSection
	GlobalSection(ProjectConfigurationPlatforms) = postSolution
		{226E55C2-8D28-98CF-7E2B-81CB331EF242}.Debug|Any CPU.ActiveCfg = Debug|Any CPU
		{226E55C2-8D28-98CF-7E2B-81CB331EF242}.Debug|Any CPU.Build.0 = Debug|Any CPU
		{226E55C2-8D28-98CF-7E2B-81CB331EF242}.Release|Any CPU.ActiveCfg = Release|Any CPU
		{226E55C2-8D28-98CF-7E2B-81CB331EF242}.Release|Any CPU.Build.0 = Release|Any CPU
		{1EDFC469-1C5A-69A6-46C4-AACED646531C}.Debug|Any CPU.ActiveCfg = Debug|Any CPU
		{1EDFC469-1C5A-69A6-46C4-AACED646531C}.Debug|Any CPU.Build.0 = Debug|Any CPU
		{1EDFC469-1C5A-69A6-46C4-AACED646531C}.Release|Any CPU.ActiveCfg = Release|Any CPU
		{1EDFC469-1C5A-69A6-46C4-AACED646531C}.Release|Any CPU.Build.0 = Release|Any CPU
		{19FF7217-8EFA-638B-DE2D-17F56B16BE58}.Debug|Any CPU.ActiveCfg = Debug|Any CPU
		{19FF7217-8EFA-638B-DE2D-17F56B16BE58}.Debug|Any CPU.Build.0 = Debug|Any CPU
		{19FF7217-8EFA-638B-DE2D-17F56B16BE58}.Release|Any CPU.ActiveCfg = Release|Any CPU
		{19FF7217-8EFA-638B-DE2D-17F56B16BE58}.Release|Any CPU.Build.0 = Release|Any CPU
		{3E21BE57-6C1A-8B6F-22E1-6CB4202990C2}.Debug|Any CPU.ActiveCfg = Debug|Any CPU
		{3E21BE57-6C1A-8B6F-22E1-6CB4202990C2}.Debug|Any CPU.Build.0 = Debug|Any CPU
		{3E21BE57-6C1A-8B6F-22E1-6CB4202990C2}.Release|Any CPU.ActiveCfg = Release|Any CPU
		{3E21BE57-6C1A-8B6F-22E1-6CB4202990C2}.Release|Any CPU.Build.0 = Release|Any CPU
	EndGlobalSection
	GlobalSection(SolutionProperties) = preSolution
		HideSolutionNode = FALSE
	EndGlobalSection
	GlobalSection(MonoDevelopProperties) = preSolution
		StartupItem = Assembly-CSharp.csproj
	EndGlobalSection
EndGlobal
