
Microsoft Visual Studio Solution File, Format Version 11.00
# Visual Studio 2010
Project("{FAE04EC0-301F-11D3-BF4B-00C04F79EFBC}") = "Test Effects", "Assembly-CSharp-firstpass.csproj", "{D586DEB6-1B6B-90E5-22F4-90146A695394}"
EndProject
Project("{FAE04EC0-301F-11D3-BF4B-00C04F79EFBC}") = "Test Effects", "Assembly-CSharp.csproj", "{C753BB8D-FF22-0F52-EEB5-A85D469079A7}"
EndProject
Project("{FAE04EC0-301F-11D3-BF4B-00C04F79EFBC}") = "Test Effects", "Assembly-CSharp-Editor.csproj", "{BC849639-979A-CF13-8E94-18C1B28F8031}"
EndProject
Global
	GlobalSection(SolutionConfigurationPlatforms) = preSolution
		Debug|Any CPU = Debug|Any CPU
		Release|Any CPU = Release|Any CPU
	EndGlobalSection
	GlobalSection(ProjectConfigurationPlatforms) = postSolution
		{D586DEB6-1B6B-90E5-22F4-90146A695394}.Debug|Any CPU.ActiveCfg = Debug|Any CPU
		{D586DEB6-1B6B-90E5-22F4-90146A695394}.Debug|Any CPU.Build.0 = Debug|Any CPU
		{D586DEB6-1B6B-90E5-22F4-90146A695394}.Release|Any CPU.ActiveCfg = Release|Any CPU
		{D586DEB6-1B6B-90E5-22F4-90146A695394}.Release|Any CPU.Build.0 = Release|Any CPU
		{C753BB8D-FF22-0F52-EEB5-A85D469079A7}.Debug|Any CPU.ActiveCfg = Debug|Any CPU
		{C753BB8D-FF22-0F52-EEB5-A85D469079A7}.Debug|Any CPU.Build.0 = Debug|Any CPU
		{C753BB8D-FF22-0F52-EEB5-A85D469079A7}.Release|Any CPU.ActiveCfg = Release|Any CPU
		{C753BB8D-FF22-0F52-EEB5-A85D469079A7}.Release|Any CPU.Build.0 = Release|Any CPU
		{BC849639-979A-CF13-8E94-18C1B28F8031}.Debug|Any CPU.ActiveCfg = Debug|Any CPU
		{BC849639-979A-CF13-8E94-18C1B28F8031}.Debug|Any CPU.Build.0 = Debug|Any CPU
		{BC849639-979A-CF13-8E94-18C1B28F8031}.Release|Any CPU.ActiveCfg = Release|Any CPU
		{BC849639-979A-CF13-8E94-18C1B28F8031}.Release|Any CPU.Build.0 = Release|Any CPU
	EndGlobalSection
	GlobalSection(SolutionProperties) = preSolution
		HideSolutionNode = FALSE
	EndGlobalSection
	GlobalSection(MonoDevelopProperties) = preSolution
		StartupItem = Assembly-CSharp.csproj
	EndGlobalSection
EndGlobal
